
Microsoft Visual Studio Solution File, Format Version 12.00
# Visual Studio Version 16
VisualStudioVersion = 16.0.31624.102
MinimumVisualStudioVersion = 10.0.40219.1
Project("{FAE04EC0-301F-11D3-BF4B-00C04F79EFBC}") = "Домашнее_задание№2", "Домашнее_задание№2\Домашнее_задание№2.csproj", "{30E22904-F437-4F9B-8140-1ED3AE9EFB53}"
EndProject
Global
	GlobalSection(SolutionConfigurationPlatforms) = preSolution
		Debug|Any CPU = Debug|Any CPU
		Release|Any CPU = Release|Any CPU
	EndGlobalSection
	GlobalSection(ProjectConfigurationPlatforms) = postSolution
		{30E22904-F437-4F9B-8140-1ED3AE9EFB53}.Debug|Any CPU.ActiveCfg = Debug|Any CPU
		{30E22904-F437-4F9B-8140-1ED3AE9EFB53}.Debug|Any CPU.Build.0 = Debug|Any CPU
		{30E22904-F437-4F9B-8140-1ED3AE9EFB53}.Release|Any CPU.ActiveCfg = Release|Any CPU
		{30E22904-F437-4F9B-8140-1ED3AE9EFB53}.Release|Any CPU.Build.0 = Release|Any CPU
	EndGlobalSection
	GlobalSection(SolutionProperties) = preSolution
		HideSolutionNode = FALSE
	EndGlobalSection
	GlobalSection(ExtensibilityGlobals) = postSolution
		SolutionGuid = {AF305A68-B81A-45B6-90EB-7108D98ED199}
	EndGlobalSection
EndGlobal
